{
  "name": "@metaverse-systems/zzt_engine_system",
  "version": "0.0.1",
  "lockfileVersion": 1,
  "requires": true,
  "dependencies": {
    "@metaverse-systems/position_component": {
      "version": "file:../position_component"
    },
    "@metaverse-systems/text_component": {
      "version": "file:../text_component"
    },
    "@metaverse-systems/zzt_status_el_component": {
      "version": "file:../zzt_status_el_component"
    }
  }
}
