{
  "name": "@metaverse-systems/zzt_engine_system",
  "version": "0.0.1",
  "lockfileVersion": 1,
  "requires": true,
  "dependencies": {
    "@metaverse-systems/input_component": {
      "version": "1.0.2",
      "resolved": "https://registry.npmjs.org/@metaverse-systems/input_component/-/input_component-1.0.2.tgz",
      "integrity": "sha512-5AHUuC6WRiftUgUJ/aIVXeT8DGQnKXJF6bJ4GcJlhyMwlEXHAK1Xs3Zivv3FiGH5AxdOupdloOXn77sgM8vocg=="
    },
    "@metaverse-systems/position_component": {
      "version": "file:../position_component"
    },
    "@metaverse-systems/text_component": {
      "version": "file:../text_component"
    },
    "@metaverse-systems/zzt_status_el_component": {
      "version": "file:../zzt_status_el_component"
    }
  }
}
