{
  "name": "@metaverse-systems/zzt_engine_system",
  "version": "0.0.1",
  "lockfileVersion": 1,
  "requires": true,
  "dependencies": {
    "@metaverse-systems/position_component": {
      "version": "1.0.3",
      "resolved": "https://registry.npmjs.org/@metaverse-systems/position_component/-/position_component-1.0.3.tgz",
      "integrity": "sha512-WYbvDvQEH5vUOwy9Z4Ue2ggf8lS8JmCXEtCK+kk6accxFhjdmFHu0QvGq2kjyGMIw0Svwo/thozlrJMlROy/xQ=="
    }
  }
}
